
Microsoft Visual Studio Solution File, Format Version 12.00
# Visual Studio Version 17
VisualStudioVersion = 17.5.33516.290
MinimumVisualStudioVersion = 10.0.40219.1
Project("{2150E333-8FDC-42A3-9474-1A3956D46DE8}") = "Microservices", "Microservices", "{E414DF05-60BE-4AEE-B682-3DE7FF04B312}"
EndProject
Project("{2150E333-8FDC-42A3-9474-1A3956D46DE8}") = "Domain", "Domain", "{66F3599E-29AD-455E-9FC4-692D1268886F}"
EndProject
Project("{2150E333-8FDC-42A3-9474-1A3956D46DE8}") = "Infra.Bus", "Infra.Bus", "{A40909CE-F9E0-4A81-8518-56D4DD9B241B}"
EndProject
Project("{2150E333-8FDC-42A3-9474-1A3956D46DE8}") = "Infra.IoC", "Infra.IoC", "{9C25FE99-2684-4A35-842B-0A95D0FDD60B}"
EndProject
Project("{2150E333-8FDC-42A3-9474-1A3956D46DE8}") = "Presentation", "Presentation", "{7BE9217E-254F-4061-8E9B-3E42727A638B}"
EndProject
Project("{FAE04EC0-301F-11D3-BF4B-00C04F79EFBC}") = "MicroRabbit.Domain.Core", "MicroRabbit.Domain.Core\MicroRabbit.Domain.Core.csproj", "{015BAEA0-F894-4888-A0CC-FE72E6C4833C}"
EndProject
Project("{FAE04EC0-301F-11D3-BF4B-00C04F79EFBC}") = "MicroRabbit.Infra.Bus", "MicroRabbit.Infra.Bus\MicroRabbit.Infra.Bus.csproj", "{B6ACFD4F-87F4-4931-A69D-D751D2B1F07D}"
EndProject
Project("{FAE04EC0-301F-11D3-BF4B-00C04F79EFBC}") = "MicroRabbit.Infra.IoC", "MicroRabbit.Infra.IoC\MicroRabbit.Infra.IoC.csproj", "{843D15C1-3C2E-4AB3-904A-F3450A079916}"
EndProject
Project("{2150E333-8FDC-42A3-9474-1A3956D46DE8}") = "Banking", "Banking", "{C2B88267-F1A6-4D67-B183-4ABFBE2ECD7C}"
EndProject
Project("{2150E333-8FDC-42A3-9474-1A3956D46DE8}") = "Api", "Api", "{A808DE97-0B9E-4B3A-B631-11CAECD107F7}"
EndProject
Project("{2150E333-8FDC-42A3-9474-1A3956D46DE8}") = "Application", "Application", "{A4F6FDBC-F411-4E17-993B-5058057CA92D}"
EndProject
Project("{2150E333-8FDC-42A3-9474-1A3956D46DE8}") = "Data", "Data", "{6D64D6ED-AA5C-4D9A-8F16-8FE8643BF24E}"
EndProject
Project("{2150E333-8FDC-42A3-9474-1A3956D46DE8}") = "Domain", "Domain", "{6FD7417A-0D57-408A-975D-A68522E3218C}"
EndProject
Project("{FAE04EC0-301F-11D3-BF4B-00C04F79EFBC}") = "MicroRabbit.Banking.Api", "MicroRabbit.Banking.Api\MicroRabbit.Banking.Api.csproj", "{0806248B-D400-4235-8677-DD10E03A7928}"
EndProject
Project("{FAE04EC0-301F-11D3-BF4B-00C04F79EFBC}") = "MicroRabbit.Banking.Application", "MicroRabbit.Banking.Application\MicroRabbit.Banking.Application.csproj", "{B052C02E-4BFC-4C4A-8B26-8DC7B711D617}"
EndProject
Project("{FAE04EC0-301F-11D3-BF4B-00C04F79EFBC}") = "MicroRabbit.Banking.Data", "MicroRabbit.Banking.Data\MicroRabbit.Banking.Data.csproj", "{2ADD381D-4E74-4107-A9BA-A73AC4806F2D}"
EndProject
Project("{FAE04EC0-301F-11D3-BF4B-00C04F79EFBC}") = "MicroRabbit.Banking.Domain", "MicroRabbit.Banking.Domain\MicroRabbit.Banking.Domain.csproj", "{7053EC8F-850E-4A50-A816-187D510E4FC8}"
EndProject
Global
	GlobalSection(SolutionConfigurationPlatforms) = preSolution
		Debug|Any CPU = Debug|Any CPU
		Release|Any CPU = Release|Any CPU
	EndGlobalSection
	GlobalSection(ProjectConfigurationPlatforms) = postSolution
		{015BAEA0-F894-4888-A0CC-FE72E6C4833C}.Debug|Any CPU.ActiveCfg = Debug|Any CPU
		{015BAEA0-F894-4888-A0CC-FE72E6C4833C}.Debug|Any CPU.Build.0 = Debug|Any CPU
		{015BAEA0-F894-4888-A0CC-FE72E6C4833C}.Release|Any CPU.ActiveCfg = Release|Any CPU
		{015BAEA0-F894-4888-A0CC-FE72E6C4833C}.Release|Any CPU.Build.0 = Release|Any CPU
		{B6ACFD4F-87F4-4931-A69D-D751D2B1F07D}.Debug|Any CPU.ActiveCfg = Debug|Any CPU
		{B6ACFD4F-87F4-4931-A69D-D751D2B1F07D}.Debug|Any CPU.Build.0 = Debug|Any CPU
		{B6ACFD4F-87F4-4931-A69D-D751D2B1F07D}.Release|Any CPU.ActiveCfg = Release|Any CPU
		{B6ACFD4F-87F4-4931-A69D-D751D2B1F07D}.Release|Any CPU.Build.0 = Release|Any CPU
		{843D15C1-3C2E-4AB3-904A-F3450A079916}.Debug|Any CPU.ActiveCfg = Debug|Any CPU
		{843D15C1-3C2E-4AB3-904A-F3450A079916}.Debug|Any CPU.Build.0 = Debug|Any CPU
		{843D15C1-3C2E-4AB3-904A-F3450A079916}.Release|Any CPU.ActiveCfg = Release|Any CPU
		{843D15C1-3C2E-4AB3-904A-F3450A079916}.Release|Any CPU.Build.0 = Release|Any CPU
		{0806248B-D400-4235-8677-DD10E03A7928}.Debug|Any CPU.ActiveCfg = Debug|Any CPU
		{0806248B-D400-4235-8677-DD10E03A7928}.Debug|Any CPU.Build.0 = Debug|Any CPU
		{0806248B-D400-4235-8677-DD10E03A7928}.Release|Any CPU.ActiveCfg = Release|Any CPU
		{0806248B-D400-4235-8677-DD10E03A7928}.Release|Any CPU.Build.0 = Release|Any CPU
		{B052C02E-4BFC-4C4A-8B26-8DC7B711D617}.Debug|Any CPU.ActiveCfg = Debug|Any CPU
		{B052C02E-4BFC-4C4A-8B26-8DC7B711D617}.Debug|Any CPU.Build.0 = Debug|Any CPU
		{B052C02E-4BFC-4C4A-8B26-8DC7B711D617}.Release|Any CPU.ActiveCfg = Release|Any CPU
		{B052C02E-4BFC-4C4A-8B26-8DC7B711D617}.Release|Any CPU.Build.0 = Release|Any CPU
		{2ADD381D-4E74-4107-A9BA-A73AC4806F2D}.Debug|Any CPU.ActiveCfg = Debug|Any CPU
		{2ADD381D-4E74-4107-A9BA-A73AC4806F2D}.Debug|Any CPU.Build.0 = Debug|Any CPU
		{2ADD381D-4E74-4107-A9BA-A73AC4806F2D}.Release|Any CPU.ActiveCfg = Release|Any CPU
		{2ADD381D-4E74-4107-A9BA-A73AC4806F2D}.Release|Any CPU.Build.0 = Release|Any CPU
		{7053EC8F-850E-4A50-A816-187D510E4FC8}.Debug|Any CPU.ActiveCfg = Debug|Any CPU
		{7053EC8F-850E-4A50-A816-187D510E4FC8}.Debug|Any CPU.Build.0 = Debug|Any CPU
		{7053EC8F-850E-4A50-A816-187D510E4FC8}.Release|Any CPU.ActiveCfg = Release|Any CPU
		{7053EC8F-850E-4A50-A816-187D510E4FC8}.Release|Any CPU.Build.0 = Release|Any CPU
	EndGlobalSection
	GlobalSection(SolutionProperties) = preSolution
		HideSolutionNode = FALSE
	EndGlobalSection
	GlobalSection(NestedProjects) = preSolution
		{015BAEA0-F894-4888-A0CC-FE72E6C4833C} = {66F3599E-29AD-455E-9FC4-692D1268886F}
		{B6ACFD4F-87F4-4931-A69D-D751D2B1F07D} = {A40909CE-F9E0-4A81-8518-56D4DD9B241B}
		{843D15C1-3C2E-4AB3-904A-F3450A079916} = {9C25FE99-2684-4A35-842B-0A95D0FDD60B}
		{C2B88267-F1A6-4D67-B183-4ABFBE2ECD7C} = {E414DF05-60BE-4AEE-B682-3DE7FF04B312}
		{A808DE97-0B9E-4B3A-B631-11CAECD107F7} = {C2B88267-F1A6-4D67-B183-4ABFBE2ECD7C}
		{A4F6FDBC-F411-4E17-993B-5058057CA92D} = {C2B88267-F1A6-4D67-B183-4ABFBE2ECD7C}
		{6D64D6ED-AA5C-4D9A-8F16-8FE8643BF24E} = {C2B88267-F1A6-4D67-B183-4ABFBE2ECD7C}
		{6FD7417A-0D57-408A-975D-A68522E3218C} = {C2B88267-F1A6-4D67-B183-4ABFBE2ECD7C}
		{0806248B-D400-4235-8677-DD10E03A7928} = {A808DE97-0B9E-4B3A-B631-11CAECD107F7}
		{B052C02E-4BFC-4C4A-8B26-8DC7B711D617} = {A4F6FDBC-F411-4E17-993B-5058057CA92D}
		{2ADD381D-4E74-4107-A9BA-A73AC4806F2D} = {6D64D6ED-AA5C-4D9A-8F16-8FE8643BF24E}
		{7053EC8F-850E-4A50-A816-187D510E4FC8} = {6FD7417A-0D57-408A-975D-A68522E3218C}
	EndGlobalSection
	GlobalSection(ExtensibilityGlobals) = postSolution
		SolutionGuid = {6ABD7192-EC5F-4BE6-B287-09210481E97C}
	EndGlobalSection
EndGlobal
